
Microsoft Visual Studio Solution File, Format Version 12.00
# Visual Studio Version 17
VisualStudioVersion = 17.5.002.0
MinimumVisualStudioVersion = 10.0.40219.1
Project("{9A19103F-16F7-4668-BE54-9A1E7A4F7556}") = "GrpcGreeterClient", "GrpcGreeterClient.csproj", "{FB311ACB-2BB8-4849-8087-0B5BBFCAFCCB}"
EndProject
Global
	GlobalSection(SolutionConfigurationPlatforms) = preSolution
		Debug|Any CPU = Debug|Any CPU
		Release|Any CPU = Release|Any CPU
	EndGlobalSection
	GlobalSection(ProjectConfigurationPlatforms) = postSolution
		{FB311ACB-2BB8-4849-8087-0B5BBFCAFCCB}.Debug|Any CPU.ActiveCfg = Debug|Any CPU
		{FB311ACB-2BB8-4849-8087-0B5BBFCAFCCB}.Debug|Any CPU.Build.0 = Debug|Any CPU
		{FB311ACB-2BB8-4849-8087-0B5BBFCAFCCB}.Release|Any CPU.ActiveCfg = Release|Any CPU
		{FB311ACB-2BB8-4849-8087-0B5BBFCAFCCB}.Release|Any CPU.Build.0 = Release|Any CPU
	EndGlobalSection
	GlobalSection(SolutionProperties) = preSolution
		HideSolutionNode = FALSE
	EndGlobalSection
	GlobalSection(ExtensibilityGlobals) = postSolution
		SolutionGuid = {237210C3-78EF-4774-B807-F46409FAB540}
	EndGlobalSection
EndGlobal
